
Microsoft Visual Studio Solution File, Format Version 12.00
# Visual Studio Version 16
VisualStudioVersion = 16.0.30711.63
MinimumVisualStudioVersion = 10.0.40219.1
Project("{FAE04EC0-301F-11D3-BF4B-00C04F79EFBC}") = "zavrsnoPonavljanje", "zavrsnoPonavljanje\zavrsnoPonavljanje.csproj", "{92C26E9C-5265-43C8-9D11-D90CCFA4119A}"
EndProject
Global
	GlobalSection(SolutionConfigurationPlatforms) = preSolution
		Debug|Any CPU = Debug|Any CPU
		Release|Any CPU = Release|Any CPU
	EndGlobalSection
	GlobalSection(ProjectConfigurationPlatforms) = postSolution
		{92C26E9C-5265-43C8-9D11-D90CCFA4119A}.Debug|Any CPU.ActiveCfg = Debug|Any CPU
		{92C26E9C-5265-43C8-9D11-D90CCFA4119A}.Debug|Any CPU.Build.0 = Debug|Any CPU
		{92C26E9C-5265-43C8-9D11-D90CCFA4119A}.Release|Any CPU.ActiveCfg = Release|Any CPU
		{92C26E9C-5265-43C8-9D11-D90CCFA4119A}.Release|Any CPU.Build.0 = Release|Any CPU
	EndGlobalSection
	GlobalSection(SolutionProperties) = preSolution
		HideSolutionNode = FALSE
	EndGlobalSection
	GlobalSection(ExtensibilityGlobals) = postSolution
		SolutionGuid = {04E30353-AF99-43E7-A348-24454D7E6380}
	EndGlobalSection
EndGlobal
